Microsoft Visual Studio Solution File, Format Version 12.00
# Visual Studio Version 17
VisualStudioVersion = 17.5.2.0
MinimumVisualStudioVersion = 10.0.40219.1
Project("{FAE04EC0-301F-11D3-BF4B-00C04F79EFBC}") = "BookApi", "backend\BookApi.csproj", "{58E5D720-A698-37EA-0610-0547A99933B1}"
EndProject
Global
	GlobalSection(SolutionConfigurationPlatforms) = preSolution
		Debug|Any CPU = Debug|Any CPU
		Release|Any CPU = Release|Any CPU
	EndGlobalSection
	GlobalSection(ProjectConfigurationPlatforms) = postSolution
		{58E5D720-A698-37EA-0610-0547A99933B1}.Debug|Any CPU.ActiveCfg = Debug|Any CPU
		{58E5D720-A698-37EA-0610-0547A99933B1}.Debug|Any CPU.Build.0 = Debug|Any CPU
		{58E5D720-A698-37EA-0610-0547A99933B1}.Release|Any CPU.ActiveCfg = Release|Any CPU
		{58E5D720-A698-37EA-0610-0547A99933B1}.Release|Any CPU.Build.0 = Release|Any CPU
	EndGlobalSection
	GlobalSection(SolutionProperties) = preSolution
		HideSolutionNode = FALSE
	EndGlobalSection
	GlobalSection(ExtensibilityGlobals) = postSolution
		SolutionGuid = {3D29187C-55E1-457F-9F0B-E86AB0315886}
	EndGlobalSection
EndGlobal
